
Microsoft Visual Studio Solution File, Format Version 12.00
# Visual Studio Version 17
VisualStudioVersion = 17.0.31903.59
MinimumVisualStudioVersion = 10.0.40219.1
Project("{FAE04EC0-301F-11D3-BF4B-00C04F79EFBC}") = "CRM.ApiHub", "CRM.ApiHub\CRM.ApiHub.csproj", "{78AF1BA0-AC50-4B9C-93DE-A50D7A992E1F}"
EndProject
Project("{FAE04EC0-301F-11D3-BF4B-00C04F79EFBC}") = "CRM.WebFrontend", "CRM.WebFrontend\CRM.WebFrontend.csproj", "{B83D6E0D-82BB-4C0E-B0BF-A601668B640D}"
EndProject
Project("{FAE04EC0-301F-11D3-BF4B-00C04F79EFBC}") = "CRM.WebFrontend.Client", "CRM.WebFrontend.Client\CRM.WebFrontend.Client.csproj", "{1F536C3B-A94D-43D2-ABE5-A37D85B01D45}"
EndProject
Project("{FAE04EC0-301F-11D3-BF4B-00C04F79EFBC}") = "Nyx.SlaEngine", "Nyx.SlaEngine\Nyx.SlaEngine.csproj", "{85234A9F-63F2-4F27-9735-25323ECD2EF6}"
EndProject
Global
	GlobalSection(SolutionConfigurationPlatforms) = preSolution
		Debug|Any CPU = Debug|Any CPU
		Debug|x64 = Debug|x64
		Debug|x86 = Debug|x86
		Release|Any CPU = Release|Any CPU
		Release|x64 = Release|x64
		Release|x86 = Release|x86
	EndGlobalSection
	GlobalSection(ProjectConfigurationPlatforms) = postSolution
		{78AF1BA0-AC50-4B9C-93DE-A50D7A992E1F}.Debug|Any CPU.ActiveCfg = Debug|Any CPU
		{78AF1BA0-AC50-4B9C-93DE-A50D7A992E1F}.Debug|Any CPU.Build.0 = Debug|Any CPU
		{78AF1BA0-AC50-4B9C-93DE-A50D7A992E1F}.Debug|x64.ActiveCfg = Debug|Any CPU
		{78AF1BA0-AC50-4B9C-93DE-A50D7A992E1F}.Debug|x64.Build.0 = Debug|Any CPU
		{78AF1BA0-AC50-4B9C-93DE-A50D7A992E1F}.Debug|x86.ActiveCfg = Debug|Any CPU
		{78AF1BA0-AC50-4B9C-93DE-A50D7A992E1F}.Debug|x86.Build.0 = Debug|Any CPU
		{78AF1BA0-AC50-4B9C-93DE-A50D7A992E1F}.Release|Any CPU.ActiveCfg = Release|Any CPU
		{78AF1BA0-AC50-4B9C-93DE-A50D7A992E1F}.Release|Any CPU.Build.0 = Release|Any CPU
		{78AF1BA0-AC50-4B9C-93DE-A50D7A992E1F}.Release|x64.ActiveCfg = Release|Any CPU
		{78AF1BA0-AC50-4B9C-93DE-A50D7A992E1F}.Release|x64.Build.0 = Release|Any CPU
		{78AF1BA0-AC50-4B9C-93DE-A50D7A992E1F}.Release|x86.ActiveCfg = Release|Any CPU
		{78AF1BA0-AC50-4B9C-93DE-A50D7A992E1F}.Release|x86.Build.0 = Release|Any CPU
		{B83D6E0D-82BB-4C0E-B0BF-A601668B640D}.Debug|Any CPU.ActiveCfg = Debug|Any CPU
		{B83D6E0D-82BB-4C0E-B0BF-A601668B640D}.Debug|Any CPU.Build.0 = Debug|Any CPU
		{B83D6E0D-82BB-4C0E-B0BF-A601668B640D}.Debug|x64.ActiveCfg = Debug|Any CPU
		{B83D6E0D-82BB-4C0E-B0BF-A601668B640D}.Debug|x64.Build.0 = Debug|Any CPU
		{B83D6E0D-82BB-4C0E-B0BF-A601668B640D}.Debug|x86.ActiveCfg = Debug|Any CPU
		{B83D6E0D-82BB-4C0E-B0BF-A601668B640D}.Debug|x86.Build.0 = Debug|Any CPU
		{B83D6E0D-82BB-4C0E-B0BF-A601668B640D}.Release|Any CPU.ActiveCfg = Release|Any CPU
		{B83D6E0D-82BB-4C0E-B0BF-A601668B640D}.Release|Any CPU.Build.0 = Release|Any CPU
		{B83D6E0D-82BB-4C0E-B0BF-A601668B640D}.Release|x64.ActiveCfg = Release|Any CPU
		{B83D6E0D-82BB-4C0E-B0BF-A601668B640D}.Release|x64.Build.0 = Release|Any CPU
		{B83D6E0D-82BB-4C0E-B0BF-A601668B640D}.Release|x86.ActiveCfg = Release|Any CPU
		{B83D6E0D-82BB-4C0E-B0BF-A601668B640D}.Release|x86.Build.0 = Release|Any CPU
		{1F536C3B-A94D-43D2-ABE5-A37D85B01D45}.Debug|Any CPU.ActiveCfg = Debug|Any CPU
		{1F536C3B-A94D-43D2-ABE5-A37D85B01D45}.Debug|Any CPU.Build.0 = Debug|Any CPU
		{1F536C3B-A94D-43D2-ABE5-A37D85B01D45}.Debug|x64.ActiveCfg = Debug|Any CPU
		{1F536C3B-A94D-43D2-ABE5-A37D85B01D45}.Debug|x64.Build.0 = Debug|Any CPU
		{1F536C3B-A94D-43D2-ABE5-A37D85B01D45}.Debug|x86.ActiveCfg = Debug|Any CPU
		{1F536C3B-A94D-43D2-ABE5-A37D85B01D45}.Debug|x86.Build.0 = Debug|Any CPU
		{1F536C3B-A94D-43D2-ABE5-A37D85B01D45}.Release|Any CPU.ActiveCfg = Release|Any CPU
		{1F536C3B-A94D-43D2-ABE5-A37D85B01D45}.Release|Any CPU.Build.0 = Release|Any CPU
		{1F536C3B-A94D-43D2-ABE5-A37D85B01D45}.Release|x64.ActiveCfg = Release|Any CPU
		{1F536C3B-A94D-43D2-ABE5-A37D85B01D45}.Release|x64.Build.0 = Release|Any CPU
		{1F536C3B-A94D-43D2-ABE5-A37D85B01D45}.Release|x86.ActiveCfg = Release|Any CPU
		{1F536C3B-A94D-43D2-ABE5-A37D85B01D45}.Release|x86.Build.0 = Release|Any CPU
		{85234A9F-63F2-4F27-9735-25323ECD2EF6}.Debug|Any CPU.ActiveCfg = Debug|Any CPU
		{85234A9F-63F2-4F27-9735-25323ECD2EF6}.Debug|Any CPU.Build.0 = Debug|Any CPU
		{85234A9F-63F2-4F27-9735-25323ECD2EF6}.Debug|x64.ActiveCfg = Debug|Any CPU
		{85234A9F-63F2-4F27-9735-25323ECD2EF6}.Debug|x64.Build.0 = Debug|Any CPU
		{85234A9F-63F2-4F27-9735-25323ECD2EF6}.Debug|x86.ActiveCfg = Debug|Any CPU
		{85234A9F-63F2-4F27-9735-25323ECD2EF6}.Debug|x86.Build.0 = Debug|Any CPU
		{85234A9F-63F2-4F27-9735-25323ECD2EF6}.Release|Any CPU.ActiveCfg = Release|Any CPU
		{85234A9F-63F2-4F27-9735-25323ECD2EF6}.Release|Any CPU.Build.0 = Release|Any CPU
		{85234A9F-63F2-4F27-9735-25323ECD2EF6}.Release|x64.ActiveCfg = Release|Any CPU
		{85234A9F-63F2-4F27-9735-25323ECD2EF6}.Release|x64.Build.0 = Release|Any CPU
		{85234A9F-63F2-4F27-9735-25323ECD2EF6}.Release|x86.ActiveCfg = Release|Any CPU
		{85234A9F-63F2-4F27-9735-25323ECD2EF6}.Release|x86.Build.0 = Release|Any CPU
	EndGlobalSection
	GlobalSection(SolutionProperties) = preSolution
		HideSolutionNode = FALSE
	EndGlobalSection
EndGlobal
