
Microsoft Visual Studio Solution File, Format Version 12.00
# Visual Studio Version 17
VisualStudioVersion = 17.0.31903.59
MinimumVisualStudioVersion = 10.0.40219.1
Project("{FAE04EC0-301F-11D3-BF4B-00C04F79EFBC}") = "CRM.ApiHub", "CRM.ApiHub\CRM.ApiHub.csproj", "{78AF1BA0-AC50-4B9C-93DE-A50D7A992E1F}"
EndProject
Project("{FAE04EC0-301F-11D3-BF4B-00C04F79EFBC}") = "CRM.WebFrontend", "CRM.WebFrontend\CRM.WebFrontend.csproj", "{B83D6E0D-82BB-4C0E-B0BF-A601668B640D}"
EndProject
Project("{FAE04EC0-301F-11D3-BF4B-00C04F79EFBC}") = "CRM.WebFrontend.Client", "CRM.WebFrontend.Client\CRM.WebFrontend.Client.csproj", "{1F536C3B-A94D-43D2-ABE5-A37D85B01D45}"
EndProject
Project("{FAE04EC0-301F-11D3-BF4B-00C04F79EFBC}") = "Nyx.SlaEngine", "Nyx.SlaEngine\Nyx.SlaEngine.csproj", "{85234A9F-63F2-4F27-9735-25323ECD2EF6}"
EndProject
Project("{FAE04EC0-301F-11D3-BF4B-00C04F79EFBC}") = "Nyx.ApprovalEngine", "Nyx.ApprovalEngine\Nyx.ApprovalEngine.csproj", "{45875CB9-7EBF-4FB8-B6E9-4E1AA1679AF9}"
EndProject
Project("{FAE04EC0-301F-11D3-BF4B-00C04F79EFBC}") = "Nyx.FlowEngine", "Nyx.FlowEngine\Nyx.FlowEngine.csproj", "{59782664-2D47-46AA-980F-626D2B06D80F}"
EndProject
Project("{2150E333-8FDC-42A3-9474-1A3956D46DE8}") = "tests", "tests", "{0AB3BF05-4346-4AA6-1389-037BE0695223}"
EndProject
Project("{FAE04EC0-301F-11D3-BF4B-00C04F79EFBC}") = "CRM.WebFrontend.Client.Tests", "tests\CRM.WebFrontend.Client.Tests\CRM.WebFrontend.Client.Tests.csproj", "{1121EFE7-4A0E-456D-BA4B-7DFE944D0CFB}"
EndProject
Project("{FAE04EC0-301F-11D3-BF4B-00C04F79EFBC}") = "CRM.WebFrontend.E2ETests", "tests\CRM.WebFrontend.E2ETests\CRM.WebFrontend.E2ETests.csproj", "{C4329A44-809D-4392-BCD8-0260B6D8C2D6}"
EndProject
Project("{FAE04EC0-301F-11D3-BF4B-00C04F79EFBC}") = "CRM.ApiHub.Tests", "tests\CRM.ApiHub.Tests\CRM.ApiHub.Tests.csproj", "{7FF7384C-F620-4374-8B43-396DFA8F7177}"
EndProject
Global
	GlobalSection(SolutionConfigurationPlatforms) = preSolution
		Debug|Any CPU = Debug|Any CPU
		Debug|x64 = Debug|x64
		Debug|x86 = Debug|x86
		Release|Any CPU = Release|Any CPU
		Release|x64 = Release|x64
		Release|x86 = Release|x86
	EndGlobalSection
	GlobalSection(ProjectConfigurationPlatforms) = postSolution
		{78AF1BA0-AC50-4B9C-93DE-A50D7A992E1F}.Debug|Any CPU.ActiveCfg = Debug|Any CPU
		{78AF1BA0-AC50-4B9C-93DE-A50D7A992E1F}.Debug|Any CPU.Build.0 = Debug|Any CPU
		{78AF1BA0-AC50-4B9C-93DE-A50D7A992E1F}.Debug|x64.ActiveCfg = Debug|Any CPU
		{78AF1BA0-AC50-4B9C-93DE-A50D7A992E1F}.Debug|x64.Build.0 = Debug|Any CPU
		{78AF1BA0-AC50-4B9C-93DE-A50D7A992E1F}.Debug|x86.ActiveCfg = Debug|Any CPU
		{78AF1BA0-AC50-4B9C-93DE-A50D7A992E1F}.Debug|x86.Build.0 = Debug|Any CPU
		{78AF1BA0-AC50-4B9C-93DE-A50D7A992E1F}.Release|Any CPU.ActiveCfg = Release|Any CPU
		{78AF1BA0-AC50-4B9C-93DE-A50D7A992E1F}.Release|Any CPU.Build.0 = Release|Any CPU
		{78AF1BA0-AC50-4B9C-93DE-A50D7A992E1F}.Release|x64.ActiveCfg = Release|Any CPU
		{78AF1BA0-AC50-4B9C-93DE-A50D7A992E1F}.Release|x64.Build.0 = Release|Any CPU
		{78AF1BA0-AC50-4B9C-93DE-A50D7A992E1F}.Release|x86.ActiveCfg = Release|Any CPU
		{78AF1BA0-AC50-4B9C-93DE-A50D7A992E1F}.Release|x86.Build.0 = Release|Any CPU
		{B83D6E0D-82BB-4C0E-B0BF-A601668B640D}.Debug|Any CPU.ActiveCfg = Debug|Any CPU
		{B83D6E0D-82BB-4C0E-B0BF-A601668B640D}.Debug|Any CPU.Build.0 = Debug|Any CPU
		{B83D6E0D-82BB-4C0E-B0BF-A601668B640D}.Debug|x64.ActiveCfg = Debug|Any CPU
		{B83D6E0D-82BB-4C0E-B0BF-A601668B640D}.Debug|x64.Build.0 = Debug|Any CPU
		{B83D6E0D-82BB-4C0E-B0BF-A601668B640D}.Debug|x86.ActiveCfg = Debug|Any CPU
		{B83D6E0D-82BB-4C0E-B0BF-A601668B640D}.Debug|x86.Build.0 = Debug|Any CPU
		{B83D6E0D-82BB-4C0E-B0BF-A601668B640D}.Release|Any CPU.ActiveCfg = Release|Any CPU
		{B83D6E0D-82BB-4C0E-B0BF-A601668B640D}.Release|Any CPU.Build.0 = Release|Any CPU
		{B83D6E0D-82BB-4C0E-B0BF-A601668B640D}.Release|x64.ActiveCfg = Release|Any CPU
		{B83D6E0D-82BB-4C0E-B0BF-A601668B640D}.Release|x64.Build.0 = Release|Any CPU
		{B83D6E0D-82BB-4C0E-B0BF-A601668B640D}.Release|x86.ActiveCfg = Release|Any CPU
		{B83D6E0D-82BB-4C0E-B0BF-A601668B640D}.Release|x86.Build.0 = Release|Any CPU
		{1F536C3B-A94D-43D2-ABE5-A37D85B01D45}.Debug|Any CPU.ActiveCfg = Debug|Any CPU
		{1F536C3B-A94D-43D2-ABE5-A37D85B01D45}.Debug|Any CPU.Build.0 = Debug|Any CPU
		{1F536C3B-A94D-43D2-ABE5-A37D85B01D45}.Debug|x64.ActiveCfg = Debug|Any CPU
		{1F536C3B-A94D-43D2-ABE5-A37D85B01D45}.Debug|x64.Build.0 = Debug|Any CPU
		{1F536C3B-A94D-43D2-ABE5-A37D85B01D45}.Debug|x86.ActiveCfg = Debug|Any CPU
		{1F536C3B-A94D-43D2-ABE5-A37D85B01D45}.Debug|x86.Build.0 = Debug|Any CPU
		{1F536C3B-A94D-43D2-ABE5-A37D85B01D45}.Release|Any CPU.ActiveCfg = Release|Any CPU
		{1F536C3B-A94D-43D2-ABE5-A37D85B01D45}.Release|Any CPU.Build.0 = Release|Any CPU
		{1F536C3B-A94D-43D2-ABE5-A37D85B01D45}.Release|x64.ActiveCfg = Release|Any CPU
		{1F536C3B-A94D-43D2-ABE5-A37D85B01D45}.Release|x64.Build.0 = Release|Any CPU
		{1F536C3B-A94D-43D2-ABE5-A37D85B01D45}.Release|x86.ActiveCfg = Release|Any CPU
		{1F536C3B-A94D-43D2-ABE5-A37D85B01D45}.Release|x86.Build.0 = Release|Any CPU
		{85234A9F-63F2-4F27-9735-25323ECD2EF6}.Debug|Any CPU.ActiveCfg = Debug|Any CPU
		{85234A9F-63F2-4F27-9735-25323ECD2EF6}.Debug|Any CPU.Build.0 = Debug|Any CPU
		{85234A9F-63F2-4F27-9735-25323ECD2EF6}.Debug|x64.ActiveCfg = Debug|Any CPU
		{85234A9F-63F2-4F27-9735-25323ECD2EF6}.Debug|x64.Build.0 = Debug|Any CPU
		{85234A9F-63F2-4F27-9735-25323ECD2EF6}.Debug|x86.ActiveCfg = Debug|Any CPU
		{85234A9F-63F2-4F27-9735-25323ECD2EF6}.Debug|x86.Build.0 = Debug|Any CPU
		{85234A9F-63F2-4F27-9735-25323ECD2EF6}.Release|Any CPU.ActiveCfg = Release|Any CPU
		{85234A9F-63F2-4F27-9735-25323ECD2EF6}.Release|Any CPU.Build.0 = Release|Any CPU
		{85234A9F-63F2-4F27-9735-25323ECD2EF6}.Release|x64.ActiveCfg = Release|Any CPU
		{85234A9F-63F2-4F27-9735-25323ECD2EF6}.Release|x64.Build.0 = Release|Any CPU
		{85234A9F-63F2-4F27-9735-25323ECD2EF6}.Release|x86.ActiveCfg = Release|Any CPU
		{85234A9F-63F2-4F27-9735-25323ECD2EF6}.Release|x86.Build.0 = Release|Any CPU
		{45875CB9-7EBF-4FB8-B6E9-4E1AA1679AF9}.Debug|Any CPU.ActiveCfg = Debug|Any CPU
		{45875CB9-7EBF-4FB8-B6E9-4E1AA1679AF9}.Debug|Any CPU.Build.0 = Debug|Any CPU
		{45875CB9-7EBF-4FB8-B6E9-4E1AA1679AF9}.Debug|x64.ActiveCfg = Debug|Any CPU
		{45875CB9-7EBF-4FB8-B6E9-4E1AA1679AF9}.Debug|x64.Build.0 = Debug|Any CPU
		{45875CB9-7EBF-4FB8-B6E9-4E1AA1679AF9}.Debug|x86.ActiveCfg = Debug|Any CPU
		{45875CB9-7EBF-4FB8-B6E9-4E1AA1679AF9}.Debug|x86.Build.0 = Debug|Any CPU
		{45875CB9-7EBF-4FB8-B6E9-4E1AA1679AF9}.Release|Any CPU.ActiveCfg = Release|Any CPU
		{45875CB9-7EBF-4FB8-B6E9-4E1AA1679AF9}.Release|Any CPU.Build.0 = Release|Any CPU
		{45875CB9-7EBF-4FB8-B6E9-4E1AA1679AF9}.Release|x64.ActiveCfg = Release|Any CPU
		{45875CB9-7EBF-4FB8-B6E9-4E1AA1679AF9}.Release|x64.Build.0 = Release|Any CPU
		{45875CB9-7EBF-4FB8-B6E9-4E1AA1679AF9}.Release|x86.ActiveCfg = Release|Any CPU
		{45875CB9-7EBF-4FB8-B6E9-4E1AA1679AF9}.Release|x86.Build.0 = Release|Any CPU
		{59782664-2D47-46AA-980F-626D2B06D80F}.Debug|Any CPU.ActiveCfg = Debug|Any CPU
		{59782664-2D47-46AA-980F-626D2B06D80F}.Debug|Any CPU.Build.0 = Debug|Any CPU
		{59782664-2D47-46AA-980F-626D2B06D80F}.Debug|x64.ActiveCfg = Debug|Any CPU
		{59782664-2D47-46AA-980F-626D2B06D80F}.Debug|x64.Build.0 = Debug|Any CPU
		{59782664-2D47-46AA-980F-626D2B06D80F}.Debug|x86.ActiveCfg = Debug|Any CPU
		{59782664-2D47-46AA-980F-626D2B06D80F}.Debug|x86.Build.0 = Debug|Any CPU
		{59782664-2D47-46AA-980F-626D2B06D80F}.Release|Any CPU.ActiveCfg = Release|Any CPU
		{59782664-2D47-46AA-980F-626D2B06D80F}.Release|Any CPU.Build.0 = Release|Any CPU
		{59782664-2D47-46AA-980F-626D2B06D80F}.Release|x64.ActiveCfg = Release|Any CPU
		{59782664-2D47-46AA-980F-626D2B06D80F}.Release|x64.Build.0 = Release|Any CPU
		{59782664-2D47-46AA-980F-626D2B06D80F}.Release|x86.ActiveCfg = Release|Any CPU
		{59782664-2D47-46AA-980F-626D2B06D80F}.Release|x86.Build.0 = Release|Any CPU
		{1121EFE7-4A0E-456D-BA4B-7DFE944D0CFB}.Debug|Any CPU.ActiveCfg = Debug|Any CPU
		{1121EFE7-4A0E-456D-BA4B-7DFE944D0CFB}.Debug|Any CPU.Build.0 = Debug|Any CPU
		{1121EFE7-4A0E-456D-BA4B-7DFE944D0CFB}.Debug|x64.ActiveCfg = Debug|Any CPU
		{1121EFE7-4A0E-456D-BA4B-7DFE944D0CFB}.Debug|x64.Build.0 = Debug|Any CPU
		{1121EFE7-4A0E-456D-BA4B-7DFE944D0CFB}.Debug|x86.ActiveCfg = Debug|Any CPU
		{1121EFE7-4A0E-456D-BA4B-7DFE944D0CFB}.Debug|x86.Build.0 = Debug|Any CPU
		{1121EFE7-4A0E-456D-BA4B-7DFE944D0CFB}.Release|Any CPU.ActiveCfg = Release|Any CPU
		{1121EFE7-4A0E-456D-BA4B-7DFE944D0CFB}.Release|Any CPU.Build.0 = Release|Any CPU
		{1121EFE7-4A0E-456D-BA4B-7DFE944D0CFB}.Release|x64.ActiveCfg = Release|Any CPU
		{1121EFE7-4A0E-456D-BA4B-7DFE944D0CFB}.Release|x64.Build.0 = Release|Any CPU
		{1121EFE7-4A0E-456D-BA4B-7DFE944D0CFB}.Release|x86.ActiveCfg = Release|Any CPU
		{1121EFE7-4A0E-456D-BA4B-7DFE944D0CFB}.Release|x86.Build.0 = Release|Any CPU
		{C4329A44-809D-4392-BCD8-0260B6D8C2D6}.Debug|Any CPU.ActiveCfg = Debug|Any CPU
		{C4329A44-809D-4392-BCD8-0260B6D8C2D6}.Debug|Any CPU.Build.0 = Debug|Any CPU
		{C4329A44-809D-4392-BCD8-0260B6D8C2D6}.Debug|x64.ActiveCfg = Debug|Any CPU
		{C4329A44-809D-4392-BCD8-0260B6D8C2D6}.Debug|x64.Build.0 = Debug|Any CPU
		{C4329A44-809D-4392-BCD8-0260B6D8C2D6}.Debug|x86.ActiveCfg = Debug|Any CPU
		{C4329A44-809D-4392-BCD8-0260B6D8C2D6}.Debug|x86.Build.0 = Debug|Any CPU
		{C4329A44-809D-4392-BCD8-0260B6D8C2D6}.Release|Any CPU.ActiveCfg = Release|Any CPU
		{C4329A44-809D-4392-BCD8-0260B6D8C2D6}.Release|Any CPU.Build.0 = Release|Any CPU
		{C4329A44-809D-4392-BCD8-0260B6D8C2D6}.Release|x64.ActiveCfg = Release|Any CPU
		{C4329A44-809D-4392-BCD8-0260B6D8C2D6}.Release|x64.Build.0 = Release|Any CPU
		{C4329A44-809D-4392-BCD8-0260B6D8C2D6}.Release|x86.ActiveCfg = Release|Any CPU
		{C4329A44-809D-4392-BCD8-0260B6D8C2D6}.Release|x86.Build.0 = Release|Any CPU
		{7FF7384C-F620-4374-8B43-396DFA8F7177}.Debug|Any CPU.ActiveCfg = Debug|Any CPU
		{7FF7384C-F620-4374-8B43-396DFA8F7177}.Debug|Any CPU.Build.0 = Debug|Any CPU
		{7FF7384C-F620-4374-8B43-396DFA8F7177}.Debug|x64.ActiveCfg = Debug|Any CPU
		{7FF7384C-F620-4374-8B43-396DFA8F7177}.Debug|x64.Build.0 = Debug|Any CPU
		{7FF7384C-F620-4374-8B43-396DFA8F7177}.Debug|x86.ActiveCfg = Debug|Any CPU
		{7FF7384C-F620-4374-8B43-396DFA8F7177}.Debug|x86.Build.0 = Debug|Any CPU
		{7FF7384C-F620-4374-8B43-396DFA8F7177}.Release|Any CPU.ActiveCfg = Release|Any CPU
		{7FF7384C-F620-4374-8B43-396DFA8F7177}.Release|Any CPU.Build.0 = Release|Any CPU
		{7FF7384C-F620-4374-8B43-396DFA8F7177}.Release|x64.ActiveCfg = Release|Any CPU
		{7FF7384C-F620-4374-8B43-396DFA8F7177}.Release|x64.Build.0 = Release|Any CPU
		{7FF7384C-F620-4374-8B43-396DFA8F7177}.Release|x86.ActiveCfg = Release|Any CPU
		{7FF7384C-F620-4374-8B43-396DFA8F7177}.Release|x86.Build.0 = Release|Any CPU
	EndGlobalSection
	GlobalSection(SolutionProperties) = preSolution
		HideSolutionNode = FALSE
	EndGlobalSection
	GlobalSection(NestedProjects) = preSolution
		{1121EFE7-4A0E-456D-BA4B-7DFE944D0CFB} = {0AB3BF05-4346-4AA6-1389-037BE0695223}
		{C4329A44-809D-4392-BCD8-0260B6D8C2D6} = {0AB3BF05-4346-4AA6-1389-037BE0695223}
		{7FF7384C-F620-4374-8B43-396DFA8F7177} = {0AB3BF05-4346-4AA6-1389-037BE0695223}
	EndGlobalSection
EndGlobal
